// !$*UTF8*$!
{
	archiveVersion = 1;
	classes = {
	};
	objectVersion = 46;
	objects = {

/* Begin PBXBuildFile section */
		872E9F931ECF081100B1F473 /* Main.storyboard in Resources */ = {isa = PBXBuildFile; fileRef = 872E9F911ECF081100B1F473 /* Main.storyboard */; };
		872E9F951ECF081100B1F473 /* Assets.xcassets in Resources */ = {isa = PBXBuildFile; fileRef = 872E9F941ECF081100B1F473 /* Assets.xcassets */; };
		872E9F981ECF081100B1F473 /* LaunchScreen.storyboard in Resources */ = {isa = PBXBuildFile; fileRef = 872E9F961ECF081100B1F473 /* LaunchScreen.storyboard */; };
		87849CA11ECF452B00CB8657 /* AppDelegate.swift in Sources */ = {isa = PBXBuildFile; fileRef = 87849C9D1ECF452B00CB8657 /* AppDelegate.swift */; };
		87849CA21ECF452B00CB8657 /* DetailViewController.swift in Sources */ = {isa = PBXBuildFile; fileRef = 87849C9E1ECF452B00CB8657 /* DetailViewController.swift */; };
		87849CA31ECF452B00CB8657 /* MasterViewController.swift in Sources */ = {isa = PBXBuildFile; fileRef = 87849C9F1ECF452B00CB8657 /* MasterViewController.swift */; };
		87849CA41ECF452B00CB8657 /* ViewController.swift in Sources */ = {isa = PBXBuildFile; fileRef = 87849CA01ECF452B00CB8657 /* ViewController.swift */; };
/* End PBXBuildFile section */

/* Begin PBXFileReference section */
		872E9F8A1ECF081100B1F473 /* AddForm.app */ = {isa = PBXFileReference; explicitFileType = wrapper.application; includeInIndex = 0; path = AddForm.app; sourceTree = BUILT_PRODUCTS_DIR; };
		872E9F921ECF081100B1F473 /* Base */ = {isa = PBXFileReference; lastKnownFileType = file.storyboard; name = Base; path = Base.lproj/Main.storyboard; sourceTree = "<group>"; };
		872E9F941ECF081100B1F473 /* Assets.xcassets */ = {isa = PBXFileReference; lastKnownFileType = folder.assetcatalog; path = Assets.xcassets; sourceTree = "<group>"; };
		872E9F971ECF081100B1F473 /* Base */ = {isa = PBXFileReference; lastKnownFileType = file.storyboard; name = Base; path = Base.lproj/LaunchScreen.storyboard; sourceTree = "<group>"; };
		872E9F991ECF081100B1F473 /* Info.plist */ = {isa = PBXFileReference; lastKnownFileType = text.plist.xml; path = Info.plist; sourceTree = "<group>"; };
		87849C9D1ECF452B00CB8657 /* AppDelegate.swift */ = {isa = PBXFileReference; fileEncoding = 4; lastKnownFileType = sourcecode.swift; path = AppDelegate.swift; sourceTree = "<group>"; };
		87849C9E1ECF452B00CB8657 /* DetailViewController.swift */ = {isa = PBXFileReference; fileEncoding = 4; lastKnownFileType = sourcecode.swift; path = DetailViewController.swift; sourceTree = "<group>"; };
		87849C9F1ECF452B00CB8657 /* MasterViewController.swift */ = {isa = PBXFileReference; fileEncoding = 4; lastKnownFileType = sourcecode.swift; path = MasterViewController.swift; sourceTree = "<group>"; };
		87849CA01ECF452B00CB8657 /* ViewController.swift */ = {isa = PBXFileReference; fileEncoding = 4; lastKnownFileType = sourcecode.swift; path = ViewController.swift; sourceTree = "<group>"; };
/* End PBXFileReference section */

/* Begin PBXFrameworksBuildPhase section */
		872E9F871ECF081100B1F473 /* Frameworks */ = {
			isa = PBXFrameworksBuildPhase;
			buildActionMask = 2147483647;
			files = (
			);
			runOnlyForDeploymentPostprocessing = 0;
		};
/* End PBXFrameworksBuildPhase section */

/* Begin PBXGroup section */
		872E9F811ECF081100B1F473 = {
			isa = PBXGroup;
			children = (
				872E9F8C1ECF081100B1F473 /* AddForm */,
				872E9F8B1ECF081100B1F473 /* Products */,
			);
			sourceTree = "<group>";
		};
		872E9F8B1ECF081100B1F473 /* Products */ = {
			isa = PBXGroup;
			children = (
				872E9F8A1ECF081100B1F473 /* AddForm.app */,
			);
			name = Products;
			sourceTree = "<group>";
		};
		872E9F8C1ECF081100B1F473 /* AddForm */ = {
			isa = PBXGroup;
			children = (
				87849C9D1ECF452B00CB8657 /* AppDelegate.swift */,
				87849C9E1ECF452B00CB8657 /* DetailViewController.swift */,
				87849C9F1ECF452B00CB8657 /* MasterViewController.swift */,
				87849CA01ECF452B00CB8657 /* ViewController.swift */,
				872E9F911ECF081100B1F473 /* Main.storyboard */,
				872E9F941ECF081100B1F473 /* Assets.xcassets */,
				872E9F961ECF081100B1F473 /* LaunchScreen.storyboard */,
				872E9F991ECF081100B1F473 /* Info.plist */,
			);
			path = AddForm;
			sourceTree = "<group>";
		};
/* End PBXGroup section */

/* Begin PBXNativeTarget section */
		872E9F891ECF081100B1F473 /* AddForm */ = {
			isa = PBXNativeTarget;
			buildConfigurationList = 872E9F9C1ECF081100B1F473 /* Build configuration list for PBXNativeTarget "AddForm" */;
			buildPhases = (
				872E9F861ECF081100B1F473 /* Sources */,
				872E9F871ECF081100B1F473 /* Frameworks */,
				872E9F881ECF081100B1F473 /* Resources */,
			);
			buildRules = (
			);
			dependencies = (
			);
			name = AddForm;
			productName = AddForm;
			productReference = 872E9F8A1ECF081100B1F473 /* AddForm.app */;
			productType = "com.apple.product-type.application";
		};
/* End PBXNativeTarget section */

/* Begin PBXProject section */
		872E9F821ECF081100B1F473 /* Project object */ = {
			isa = PBXProject;
			attributes = {
				LastSwiftUpdateCheck = 0830;
				LastUpgradeCheck = 0830;
				ORGANIZATIONNAME = "Kaname Noto";
				TargetAttributes = {
					872E9F891ECF081100B1F473 = {
						CreatedOnToolsVersion = 8.3.2;
						DevelopmentTeam = KKZQELQEPH;
						ProvisioningStyle = Automatic;
					};
				};
			};
			buildConfigurationList = 872E9F851ECF081100B1F473 /* Build configuration list for PBXProject "AddForm" */;
			compatibilityVersion = "Xcode 3.2";
			developmentRegion = English;
			hasScannedForEncodings = 0;
			knownRegions = (
				en,
				Base,
			);
			mainGroup = 872E9F811ECF081100B1F473;
			productRefGroup = 872E9F8B1ECF081100B1F473 /* Products */;
			projectDirPath = "";
			projectRoot = "";
			targets = (
				872E9F891ECF081100B1F473 /* AddForm */,
			);
		};
/* End PBXProject section */

/* Begin PBXResourcesBuildPhase section */
		872E9F881ECF081100B1F473 /* Resources */ = {
			isa = PBXResourcesBuildPhase;
			buildActionMask = 2147483647;
			files = (
				872E9F981ECF081100B1F473 /* LaunchScreen.storyboard in Resources */,
				872E9F951ECF081100B1F473 /* Assets.xcassets in Resources */,
				872E9F931ECF081100B1F473 /* Main.storyboard in Resources */,
			);
			runOnlyForDeploymentPostprocessing = 0;
		};
/* End PBXResourcesBuildPhase section */

/* Begin PBXSourcesBuildPhase section */
		872E9F861ECF081100B1F473 /* Sources */ = {
			isa = PBXSourcesBuildPhase;
			buildActionMask = 2147483647;
			files = (
				87849CA41ECF452B00CB8657 /* ViewController.swift in Sources */,
				87849CA31ECF452B00CB8657 /* MasterViewController.swift in Sources */,
				87849CA11ECF452B00CB8657 /* AppDelegate.swift in Sources */,
				87849CA21ECF452B00CB8657 /* DetailViewController.swift in Sources */,
			);
			runOnlyForDeploymentPostprocessing = 0;
		};
/* End PBXSourcesBuildPhase section */

/* Begin PBXVariantGroup section */
		872E9F911ECF081100B1F473 /* Main.storyboard */ = {
			isa = PBXVariantGroup;
			children = (
				872E9F921ECF081100B1F473 /* Base */,
			);
			name = Main.storyboard;
			sourceTree = "<group>";
		};
		872E9F961ECF081100B1F473 /* LaunchScreen.storyboard */ = {
			isa = PBXVariantGroup;
			children = (
				872E9F971ECF081100B1F473 /* Base */,
			);
			name = LaunchScreen.storyboard;
			sourceTree = "<group>";
		};
/* End PBXVariantGroup section */

/* Begin XCBuildConfiguration section */
		872E9F9A1ECF081100B1F473 /* Debug */ = {
			isa = XCBuildConfiguration;
			buildSettings = {
				ALWAYS_SEARCH_USER_PATHS = NO;
				CLANG_ANALYZER_NONNULL = YES;
				CLANG_ANALYZER_NUMBER_OBJECT_CONVERSION = YES_AGGRESSIVE;
				CLANG_CXX_LANGUAGE_STANDARD = "gnu++0x";
				CLANG_CXX_LIBRARY = "libc++";
				CLANG_ENABLE_MODULES = YES;
				CLANG_ENABLE_OBJC_ARC = YES;
				CLANG_WARN_BOOL_CONVERSION = YES;
				CLANG_WARN_CONSTANT_CONVERSION = YES;
				CLANG_WARN_DIRECT_OBJC_ISA_USAGE = YES_ERROR;
				CLANG_WARN_DOCUMENTATION_COMMENTS = YES;
				CLANG_WARN_EMPTY_BODY = YES;
				CLANG_WARN_ENUM_CONVERSION = YES;
				CLANG_WARN_INFINITE_RECURSION = YES;
				CLANG_WARN_INT_CONVERSION = YES;
				CLANG_WARN_OBJC_ROOT_CLASS = YES_ERROR;
				CLANG_WARN_SUSPICIOUS_MOVE = YES;
				CLANG_WARN_UNREACHABLE_CODE = YES;
				CLANG_WARN__DUPLICATE_METHOD_MATCH = YES;
				"CODE_SIGN_IDENTITY[sdk=iphoneos*]" = "iPhone Developer";
				COPY_PHASE_STRIP = NO;
				DEBUG_INFORMATION_FORMAT = dwarf;
				ENABLE_STRICT_OBJC_MSGSEND = YES;
				ENABLE_TESTABILITY = YES;
				GCC_C_LANGUAGE_STANDARD = gnu99;
				GCC_DYNAMIC_NO_PIC = NO;
				GCC_NO_COMMON_BLOCKS = YES;
				GCC_OPTIMIZATION_LEVEL = 0;
				GCC_PREPROCESSOR_DEFINITIONS = (
					"DEBUG=1",
					"$(inherited)",
				);
				GCC_WARN_64_TO_32_BIT_CONVERSION = YES;
				GCC_WARN_ABOUT_RETURN_TYPE = YES_ERROR;
				GCC_WARN_UNDECLARED_SELECTOR = YES;
				GCC_WARN_UNINITIALIZED_AUTOS = YES_AGGRESSIVE;
				GCC_WARN_UNUSED_FUNCTION = YES;
				GCC_WARN_UNUSED_VARIABLE = YES;
				IPHONEOS_DEPLOYMENT_TARGET = 10.3;
				MTL_ENABLE_DEBUG_INFO = YES;
				ONLY_ACTIVE_ARCH = YES;
				SDKROOT = iphoneos;
				SWIFT_ACTIVE_COMPILATION_CONDITIONS = DEBUG;
				SWIFT_OPTIMIZATION_LEVEL = "-Onone";
				TARGETED_DEVICE_FAMILY = "1,2";
			};
			name = Debug;
		};
		872E9F9B1ECF081100B1F473 /* Release */ = {
			isa = XCBuildConfiguration;
			buildSettings = {
				ALWAYS_SEARCH_USER_PATHS = NO;
				CLANG_ANALYZER_NONNULL = YES;
				CLANG_ANALYZER_NUMBER_OBJECT_CONVERSION = YES_AGGRESSIVE;
				CLANG_CXX_LANGUAGE_STANDARD = "gnu++0x";
				CLANG_CXX_LIBRARY = "libc++";
				CLANG_ENABLE_MODULES = YES;
				CLANG_ENABLE_OBJC_ARC = YES;
				CLANG_WARN_BOOL_CONVERSION = YES;
				CLANG_WARN_CONSTANT_CONVERSION = YES;
				CLANG_WARN_DIRECT_OBJC_ISA_USAGE = YES_ERROR;
				CLANG_WARN_DOCUMENTATION_COMMENTS = YES;
				CLANG_WARN_EMPTY_BODY = YES;
				CLANG_WARN_ENUM_CONVERSION = YES;
				CLANG_WARN_INFINITE_RECURSION = YES;
				CLANG_WARN_INT_CONVERSION = YES;
				CLANG_WARN_OBJC_ROOT_CLASS = YES_ERROR;
				CLANG_WARN_SUSPICIOUS_MOVE = YES;
				CLANG_WARN_UNREACHABLE_CODE = YES;
				CLANG_WARN__DUPLICATE_METHOD_MATCH = YES;
				"CODE_SIGN_IDENTITY[sdk=iphoneos*]" = "iPhone Developer";
				COPY_PHASE_STRIP = NO;
				DEBUG_INFORMATION_FORMAT = "dwarf-with-dsym";
				ENABLE_NS_ASSERTIONS = NO;
				ENABLE_STRICT_OBJC_MSGSEND = YES;
				GCC_C_LANGUAGE_STANDARD = gnu99;
				GCC_NO_COMMON_BLOCKS = YES;
				GCC_WARN_64_TO_32_BIT_CONVERSION = YES;
				GCC_WARN_ABOUT_RETURN_TYPE = YES_ERROR;
				GCC_WARN_UNDECLARED_SELECTOR = YES;
				GCC_WARN_UNINITIALIZED_AUTOS = YES_AGGRESSIVE;
				GCC_WARN_UNUSED_FUNCTION = YES;
				GCC_WARN_UNUSED_VARIABLE = YES;
				IPHONEOS_DEPLOYMENT_TARGET = 10.3;
				MTL_ENABLE_DEBUG_INFO = NO;
				SDKROOT = iphoneos;
				SWIFT_OPTIMIZATION_LEVEL = "-Owholemodule";
				TARGETED_DEVICE_FAMILY = "1,2";
				VALIDATE_PRODUCT = YES;
			};
			name = Release;
		};
		872E9F9D1ECF081100B1F473 /* Debug */ = {
			isa = XCBuildConfiguration;
			buildSettings = {
				ASSETCATALOG_COMPILER_APPICON_NAME = AppIcon;
				DEVELOPMENT_TEAM = KKZQELQEPH;
				INFOPLIST_FILE = AddForm/Info.plist;
				LD_RUNPATH_SEARCH_PATHS = "$(inherited) @executable_path/Frameworks";
				PRODUCT_BUNDLE_IDENTIFIER = com.irimasu.AddForm;
				PRODUCT_NAME = "$(TARGET_NAME)";
				SWIFT_VERSION = 3.0;
			};
			name = Debug;
		};
		872E9F9E1ECF081100B1F473 /* Release */ = {
			isa = XCBuildConfiguration;
			buildSettings = {
				ASSETCATALOG_COMPILER_APPICON_NAME = AppIcon;
				DEVELOPMENT_TEAM = KKZQELQEPH;
				INFOPLIST_FILE = AddForm/Info.plist;
				LD_RUNPATH_SEARCH_PATHS = "$(inherited) @executable_path/Frameworks";
				PRODUCT_BUNDLE_IDENTIFIER = com.irimasu.AddForm;
				PRODUCT_NAME = "$(TARGET_NAME)";
				SWIFT_VERSION = 3.0;
			};
			name = Release;
		};
/* End XCBuildConfiguration section */

/* Begin XCConfigurationList section */
		872E9F851ECF081100B1F473 /* Build configuration list for PBXProject "AddForm" */ = {
			isa = XCConfigurationList;
			buildConfigurations = (
				872E9F9A1ECF081100B1F473 /* Debug */,
				872E9F9B1ECF081100B1F473 /* Release */,
			);
			defaultConfigurationIsVisible = 0;
			defaultConfigurationName = Release;
		};
		872E9F9C1ECF081100B1F473 /* Build configuration list for PBXNativeTarget "AddForm" */ = {
			isa = XCConfigurationList;
			buildConfigurations = (
				872E9F9D1ECF081100B1F473 /* Debug */,
				872E9F9E1ECF081100B1F473 /* Release */,
			);
			defaultConfigurationIsVisible = 0;
			defaultConfigurationName = Release;
		};
/* End XCConfigurationList section */
	};
	rootObject = 872E9F821ECF081100B1F473 /* Project object */;
}
